// !$*UTF8*$!
{
	archiveVersion = 1;
	classes = {
	};
	objectVersion = 50;
	objects = {

/* Begin PBXBuildFile section */
		1F15EBD824564A94006E283D /* addTaskiOS.swift in Sources */ = {isa = PBXBuildFile; fileRef = 1F15EBD724564A94006E283D /* addTaskiOS.swift */; };
		1F15EBDA245654D6006E283D /* taskSummaryiOS.swift in Sources */ = {isa = PBXBuildFile; fileRef = 1F15EBD9245654D6006E283D /* taskSummaryiOS.swift */; };
		1F15EBDE24566424006E283D /* SettingsiOS.swift in Sources */ = {isa = PBXBuildFile; fileRef = 1F15EBDD24566424006E283D /* SettingsiOS.swift */; };
		1F1AABBA244E211A00134634 /* AppDelegate.swift in Sources */ = {isa = PBXBuildFile; fileRef = 1F1AABB9244E211A00134634 /* AppDelegate.swift */; };
		1F1AABBC244E211A00134634 /* SceneDelegate.swift in Sources */ = {isa = PBXBuildFile; fileRef = 1F1AABBB244E211A00134634 /* SceneDelegate.swift */; };
		1F1AABC0244E211C00134634 /* Assets.xcassets in Resources */ = {isa = PBXBuildFile; fileRef = 1F1AABBF244E211C00134634 /* Assets.xcassets */; };
		1F1AABC3244E211C00134634 /* Preview Assets.xcassets in Resources */ = {isa = PBXBuildFile; fileRef = 1F1AABC2244E211C00134634 /* Preview Assets.xcassets */; };
		1F1AABC6244E211C00134634 /* LaunchScreen.storyboard in Resources */ = {isa = PBXBuildFile; fileRef = 1F1AABC4244E211C00134634 /* LaunchScreen.storyboard */; };
		1F1AABD1244E211D00134634 /* TimeManagerTests.swift in Sources */ = {isa = PBXBuildFile; fileRef = 1F1AABD0244E211D00134634 /* TimeManagerTests.swift */; };
		1F1AABDC244E211D00134634 /* TimeManagerUITests.swift in Sources */ = {isa = PBXBuildFile; fileRef = 1F1AABDB244E211D00134634 /* TimeManagerUITests.swift */; };
		1F1AAC21244E288900134634 /* categoryEditView.swift in Sources */ = {isa = PBXBuildFile; fileRef = 1F1AAC1C244E288900134634 /* categoryEditView.swift */; };
		1F1AAC22244E288900134634 /* deleteTasks.swift in Sources */ = {isa = PBXBuildFile; fileRef = 1F1AAC1D244E288900134634 /* deleteTasks.swift */; };
		1F1AAC23244E288900134634 /* addTask.swift in Sources */ = {isa = PBXBuildFile; fileRef = 1F1AAC1E244E288900134634 /* addTask.swift */; };
		1F1AAC24244E288900134634 /* taskRow.swift in Sources */ = {isa = PBXBuildFile; fileRef = 1F1AAC1F244E288900134634 /* taskRow.swift */; };
		1F1AAC25244E288900134634 /* Settings.swift in Sources */ = {isa = PBXBuildFile; fileRef = 1F1AAC20244E288900134634 /* Settings.swift */; };
		1F1AAC27244E289100134634 /* models.swift in Sources */ = {isa = PBXBuildFile; fileRef = 1F1AAC26244E289100134634 /* models.swift */; };
		1F1AAC31244E2A8900134634 /* addCategory.swift in Sources */ = {isa = PBXBuildFile; fileRef = 1F1AAC30244E2A8900134634 /* addCategory.swift */; };
		1F1AAC35244EA5D400134634 /* TaskOptions.swift in Sources */ = {isa = PBXBuildFile; fileRef = 1F1AAC34244EA5D400134634 /* TaskOptions.swift */; };
		1F1AAC39244EA8DD00134634 /* TaskEdit.swift in Sources */ = {isa = PBXBuildFile; fileRef = 1F1AAC38244EA8DD00134634 /* TaskEdit.swift */; };
		1F250EA0249F099C005674E2 /* addCategoryiOS.swift in Sources */ = {isa = PBXBuildFile; fileRef = 1F250E9F249F099C005674E2 /* addCategoryiOS.swift */; };
		1F3056402450F5FA00C412A8 /* TaskSummary.swift in Sources */ = {isa = PBXBuildFile; fileRef = 1F1AAC36244EA8C100134634 /* TaskSummary.swift */; };
		1F51D56324A8207E000D118D /* SummaryiOS2.swift in Sources */ = {isa = PBXBuildFile; fileRef = 1F51D56224A8207E000D118D /* SummaryiOS2.swift */; };
		1F51D56624A842CC000D118D /* selectRange.swift in Sources */ = {isa = PBXBuildFile; fileRef = 1F51D56524A842CC000D118D /* selectRange.swift */; };
		1F51D56824A86FE9000D118D /* chooseDate.swift in Sources */ = {isa = PBXBuildFile; fileRef = 1F51D56724A86FE9000D118D /* chooseDate.swift */; };
		1F544A06249F3F630096EA60 /* taskRowiOS2.swift in Sources */ = {isa = PBXBuildFile; fileRef = 1F544A05249F3F630096EA60 /* taskRowiOS2.swift */; };
		1F544A0C24A2C0C20096EA60 /* SummaryManager.swift in Sources */ = {isa = PBXBuildFile; fileRef = 1F544A0B24A2C0C20096EA60 /* SummaryManager.swift */; };
		1F544A5A24A68AD40096EA60 /* DataManager.swift in Sources */ = {isa = PBXBuildFile; fileRef = 1F544A5924A68AD40096EA60 /* DataManager.swift */; };
		1F544A5C24A70AD50096EA60 /* pieChart.swift in Sources */ = {isa = PBXBuildFile; fileRef = 1F544A5B24A70AD40096EA60 /* pieChart.swift */; };
		1F6290E824A96D7B008C57A4 /* chooseMonth.swift in Sources */ = {isa = PBXBuildFile; fileRef = 1F6290E724A96D7B008C57A4 /* chooseMonth.swift */; };
		1F6290EC24AA5C20008C57A4 /* taskSummary.swift in Sources */ = {isa = PBXBuildFile; fileRef = 1F6290EB24AA5C20008C57A4 /* taskSummary.swift */; };
		1F6290EE24AA5C2D008C57A4 /* categorySummary.swift in Sources */ = {isa = PBXBuildFile; fileRef = 1F6290ED24AA5C2D008C57A4 /* categorySummary.swift */; };
		1F7BF80F249862E5001D7021 /* CategoryList.swift in Sources */ = {isa = PBXBuildFile; fileRef = 1F7BF80E249862E5001D7021 /* CategoryList.swift */; };
		1F7BF8112498648B001D7021 /* CategoryDetail.swift in Sources */ = {isa = PBXBuildFile; fileRef = 1F7BF8102498648B001D7021 /* CategoryDetail.swift */; };
		1F92B30924AD739A009107AB /* taskRecords.swift in Sources */ = {isa = PBXBuildFile; fileRef = 1F92B30824AD739A009107AB /* taskRecords.swift */; };
		1F92B30B24AE5B42009107AB /* selectHours.swift in Sources */ = {isa = PBXBuildFile; fileRef = 1F92B30A24AE5B42009107AB /* selectHours.swift */; };
		1F92B30D24AF8C63009107AB /* mainView.swift in Sources */ = {isa = PBXBuildFile; fileRef = 1F92B30C24AF8C63009107AB /* mainView.swift */; };
		1FF8BA4124AA67050068C894 /* iconMaker.swift in Sources */ = {isa = PBXBuildFile; fileRef = 1FF8BA4024AA67050068C894 /* iconMaker.swift */; };
		1FF8BA4424AA72E20068C894 /* LaunchIcon.png in Resources */ = {isa = PBXBuildFile; fileRef = 1FF8BA4324AA72E20068C894 /* LaunchIcon.png */; };
		1FF8BA4624AA851F0068C894 /* circle-cropped.png in Resources */ = {isa = PBXBuildFile; fileRef = 1FF8BA4524AA851E0068C894 /* circle-cropped.png */; };
		1FF8BA5124ABAFB80068C894 /* chooseTimeInterval.swift in Sources */ = {isa = PBXBuildFile; fileRef = 1FF8BA5024ABAFB80068C894 /* chooseTimeInterval.swift */; };
		1FF9BCB92497086A002C19B6 /* ContentView.swift in Sources */ = {isa = PBXBuildFile; fileRef = 1FF9BCB82497086A002C19B6 /* ContentView.swift */; };
		1FFFE3E624ACDDAF00D67065 /* selectFromCategory.swift in Sources */ = {isa = PBXBuildFile; fileRef = 1FFFE3E524ACDDAF00D67065 /* selectFromCategory.swift */; };
		1FFFE3E824ACDFDB00D67065 /* selectFromColors.swift in Sources */ = {isa = PBXBuildFile; fileRef = 1FFFE3E724ACDFDB00D67065 /* selectFromColors.swift */; };
		1FFFE3EA24ACE11B00D67065 /* PickerTimeRange.swift in Sources */ = {isa = PBXBuildFile; fileRef = 1FFFE3E924ACE11B00D67065 /* PickerTimeRange.swift */; };
		1FFFE3EC24ACE1AC00D67065 /* summaryBody.swift in Sources */ = {isa = PBXBuildFile; fileRef = 1FFFE3EB24ACE1AC00D67065 /* summaryBody.swift */; };
/* End PBXBuildFile section */

/* Begin PBXContainerItemProxy section */
		1F1AABCD244E211D00134634 /* PBXContainerItemProxy */ = {
			isa = PBXContainerItemProxy;
			containerPortal = 1F1AABAE244E211A00134634 /* Project object */;
			proxyType = 1;
			remoteGlobalIDString = 1F1AABB5244E211A00134634;
			remoteInfo = TimeManager;
		};
		1F1AABD8244E211D00134634 /* PBXContainerItemProxy */ = {
			isa = PBXContainerItemProxy;
			containerPortal = 1F1AABAE244E211A00134634 /* Project object */;
			proxyType = 1;
			remoteGlobalIDString = 1F1AABB5244E211A00134634;
			remoteInfo = TimeManager;
		};
/* End PBXContainerItemProxy section */

/* Begin PBXCopyFilesBuildPhase section */
		1F1AAC10244E211E00134634 /* Embed Watch Content */ = {
			isa = PBXCopyFilesBuildPhase;
			buildActionMask = 2147483647;
			dstPath = "$(CONTENTS_FOLDER_PATH)/Watch";
			dstSubfolderSpec = 16;
			files = (
			);
			name = "Embed Watch Content";
			runOnlyForDeploymentPostprocessing = 0;
		};
/* End PBXCopyFilesBuildPhase section */

/* Begin PBXFileReference section */
		1F15EBD724564A94006E283D /* addTaskiOS.swift */ = {isa = PBXFileReference; lastKnownFileType = sourcecode.swift; path = addTaskiOS.swift; sourceTree = "<group>"; };
		1F15EBD9245654D6006E283D /* taskSummaryiOS.swift */ = {isa = PBXFileReference; lastKnownFileType = sourcecode.swift; path = taskSummaryiOS.swift; sourceTree = "<group>"; };
		1F15EBDB24565518006E283D /* taskOptionsiOS.swift */ = {isa = PBXFileReference; lastKnownFileType = sourcecode.swift; path = taskOptionsiOS.swift; sourceTree = "<group>"; };
		1F15EBDD24566424006E283D /* SettingsiOS.swift */ = {isa = PBXFileReference; lastKnownFileType = sourcecode.swift; path = SettingsiOS.swift; sourceTree = "<group>"; };
		1F15EBDF2456674F006E283D /* taskEditiOS.swift */ = {isa = PBXFileReference; lastKnownFileType = sourcecode.swift; path = taskEditiOS.swift; sourceTree = "<group>"; };
		1F1AABB6244E211A00134634 /* Time Tally.app */ = {isa = PBXFileReference; explicitFileType = wrapper.application; includeInIndex = 0; path = "Time Tally.app"; sourceTree = BUILT_PRODUCTS_DIR; };
		1F1AABB9244E211A00134634 /* AppDelegate.swift */ = {isa = PBXFileReference; lastKnownFileType = sourcecode.swift; path = AppDelegate.swift; sourceTree = "<group>"; };
		1F1AABBB244E211A00134634 /* SceneDelegate.swift */ = {isa = PBXFileReference; lastKnownFileType = sourcecode.swift; path = SceneDelegate.swift; sourceTree = "<group>"; };
		1F1AABBF244E211C00134634 /* Assets.xcassets */ = {isa = PBXFileReference; lastKnownFileType = folder.assetcatalog; path = Assets.xcassets; sourceTree = "<group>"; };
		1F1AABC2244E211C00134634 /* Preview Assets.xcassets */ = {isa = PBXFileReference; lastKnownFileType = folder.assetcatalog; path = "Preview Assets.xcassets"; sourceTree = "<group>"; };
		1F1AABC5244E211C00134634 /* Base */ = {isa = PBXFileReference; lastKnownFileType = file.storyboard; name = Base; path = Base.lproj/LaunchScreen.storyboard; sourceTree = "<group>"; };
		1F1AABC7244E211C00134634 /* Info.plist */ = {isa = PBXFileReference; lastKnownFileType = text.plist.xml; path = Info.plist; sourceTree = "<group>"; };
		1F1AABCC244E211D00134634 /* TimeManagerTests.xctest */ = {isa = PBXFileReference; explicitFileType = wrapper.cfbundle; includeInIndex = 0; path = TimeManagerTests.xctest; sourceTree = BUILT_PRODUCTS_DIR; };
		1F1AABD0244E211D00134634 /* TimeManagerTests.swift */ = {isa = PBXFileReference; lastKnownFileType = sourcecode.swift; path = TimeManagerTests.swift; sourceTree = "<group>"; };
		1F1AABD2244E211D00134634 /* Info.plist */ = {isa = PBXFileReference; lastKnownFileType = text.plist.xml; path = Info.plist; sourceTree = "<group>"; };
		1F1AABD7244E211D00134634 /* TimeManagerUITests.xctest */ = {isa = PBXFileReference; explicitFileType = wrapper.cfbundle; includeInIndex = 0; path = TimeManagerUITests.xctest; sourceTree = BUILT_PRODUCTS_DIR; };
		1F1AABDB244E211D00134634 /* TimeManagerUITests.swift */ = {isa = PBXFileReference; lastKnownFileType = sourcecode.swift; path = TimeManagerUITests.swift; sourceTree = "<group>"; };
		1F1AABDD244E211D00134634 /* Info.plist */ = {isa = PBXFileReference; lastKnownFileType = text.plist.xml; path = Info.plist; sourceTree = "<group>"; };
		1F1AABE6244E211D00134634 /* Base */ = {isa = PBXFileReference; lastKnownFileType = file.storyboard; name = Base; path = Base.lproj/Interface.storyboard; sourceTree = "<group>"; };
		1F1AABE8244E211E00134634 /* Assets.xcassets */ = {isa = PBXFileReference; lastKnownFileType = folder.assetcatalog; path = Assets.xcassets; sourceTree = "<group>"; };
		1F1AABEA244E211E00134634 /* Info.plist */ = {isa = PBXFileReference; lastKnownFileType = text.plist.xml; path = Info.plist; sourceTree = "<group>"; };
		1F1AABF4244E211E00134634 /* ContentView.swift */ = {isa = PBXFileReference; lastKnownFileType = sourcecode.swift; path = ContentView.swift; sourceTree = "<group>"; };
		1F1AABF6244E211E00134634 /* HostingController.swift */ = {isa = PBXFileReference; lastKnownFileType = sourcecode.swift; path = HostingController.swift; sourceTree = "<group>"; };
		1F1AABF8244E211E00134634 /* ExtensionDelegate.swift */ = {isa = PBXFileReference; lastKnownFileType = sourcecode.swift; path = ExtensionDelegate.swift; sourceTree = "<group>"; };
		1F1AABFA244E211E00134634 /* NotificationController.swift */ = {isa = PBXFileReference; lastKnownFileType = sourcecode.swift; path = NotificationController.swift; sourceTree = "<group>"; };
		1F1AABFC244E211E00134634 /* NotificationView.swift */ = {isa = PBXFileReference; lastKnownFileType = sourcecode.swift; path = NotificationView.swift; sourceTree = "<group>"; };
		1F1AABFE244E211E00134634 /* ComplicationController.swift */ = {isa = PBXFileReference; lastKnownFileType = sourcecode.swift; path = ComplicationController.swift; sourceTree = "<group>"; };
		1F1AAC00244E211E00134634 /* Assets.xcassets */ = {isa = PBXFileReference; lastKnownFileType = folder.assetcatalog; path = Assets.xcassets; sourceTree = "<group>"; };
		1F1AAC03244E211E00134634 /* Preview Assets.xcassets */ = {isa = PBXFileReference; lastKnownFileType = folder.assetcatalog; path = "Preview Assets.xcassets"; sourceTree = "<group>"; };
		1F1AAC05244E211E00134634 /* Info.plist */ = {isa = PBXFileReference; lastKnownFileType = text.plist.xml; path = Info.plist; sourceTree = "<group>"; };
		1F1AAC06244E211E00134634 /* PushNotificationPayload.apns */ = {isa = PBXFileReference; lastKnownFileType = text; path = PushNotificationPayload.apns; sourceTree = "<group>"; };
		1F1AAC1C244E288900134634 /* categoryEditView.swift */ = {isa = PBXFileReference; fileEncoding = 4; lastKnownFileType = sourcecode.swift; path = categoryEditView.swift; sourceTree = "<group>"; };
		1F1AAC1D244E288900134634 /* deleteTasks.swift */ = {isa = PBXFileReference; fileEncoding = 4; lastKnownFileType = sourcecode.swift; path = deleteTasks.swift; sourceTree = "<group>"; };
		1F1AAC1E244E288900134634 /* addTask.swift */ = {isa = PBXFileReference; fileEncoding = 4; lastKnownFileType = sourcecode.swift; path = addTask.swift; sourceTree = "<group>"; };
		1F1AAC1F244E288900134634 /* taskRow.swift */ = {isa = PBXFileReference; fileEncoding = 4; lastKnownFileType = sourcecode.swift; path = taskRow.swift; sourceTree = "<group>"; };
		1F1AAC20244E288900134634 /* Settings.swift */ = {isa = PBXFileReference; fileEncoding = 4; lastKnownFileType = sourcecode.swift; path = Settings.swift; sourceTree = "<group>"; };
		1F1AAC26244E289100134634 /* models.swift */ = {isa = PBXFileReference; fileEncoding = 4; lastKnownFileType = sourcecode.swift; path = models.swift; sourceTree = "<group>"; };
		1F1AAC30244E2A8900134634 /* addCategory.swift */ = {isa = PBXFileReference; fileEncoding = 4; lastKnownFileType = sourcecode.swift; path = addCategory.swift; sourceTree = "<group>"; };
		1F1AAC34244EA5D400134634 /* TaskOptions.swift */ = {isa = PBXFileReference; lastKnownFileType = sourcecode.swift; path = TaskOptions.swift; sourceTree = "<group>"; };
		1F1AAC36244EA8C100134634 /* TaskSummary.swift */ = {isa = PBXFileReference; lastKnownFileType = sourcecode.swift; path = TaskSummary.swift; sourceTree = "<group>"; };
		1F1AAC38244EA8DD00134634 /* TaskEdit.swift */ = {isa = PBXFileReference; lastKnownFileType = sourcecode.swift; path = TaskEdit.swift; sourceTree = "<group>"; };
		1F250E9D249EDD5A005674E2 /* TaskList.swift */ = {isa = PBXFileReference; lastKnownFileType = sourcecode.swift; path = TaskList.swift; sourceTree = "<group>"; };
		1F250E9F249F099C005674E2 /* addCategoryiOS.swift */ = {isa = PBXFileReference; lastKnownFileType = sourcecode.swift; path = addCategoryiOS.swift; sourceTree = "<group>"; };
		1F51D56224A8207E000D118D /* SummaryiOS2.swift */ = {isa = PBXFileReference; lastKnownFileType = sourcecode.swift; path = SummaryiOS2.swift; sourceTree = "<group>"; };
		1F51D56524A842CC000D118D /* selectRange.swift */ = {isa = PBXFileReference; lastKnownFileType = sourcecode.swift; path = selectRange.swift; sourceTree = "<group>"; };
		1F51D56724A86FE9000D118D /* chooseDate.swift */ = {isa = PBXFileReference; lastKnownFileType = sourcecode.swift; path = chooseDate.swift; sourceTree = "<group>"; };
		1F544A05249F3F630096EA60 /* taskRowiOS2.swift */ = {isa = PBXFileReference; lastKnownFileType = sourcecode.swift; path = taskRowiOS2.swift; sourceTree = "<group>"; };
		1F544A07249FE7A80096EA60 /* SummaryiOS.swift */ = {isa = PBXFileReference; lastKnownFileType = sourcecode.swift; path = SummaryiOS.swift; sourceTree = "<group>"; };
		1F544A0B24A2C0C20096EA60 /* SummaryManager.swift */ = {isa = PBXFileReference; lastKnownFileType = sourcecode.swift; path = SummaryManager.swift; sourceTree = "<group>"; };
		1F544A5924A68AD40096EA60 /* DataManager.swift */ = {isa = PBXFileReference; lastKnownFileType = sourcecode.swift; path = DataManager.swift; sourceTree = "<group>"; };
		1F544A5B24A70AD40096EA60 /* pieChart.swift */ = {isa = PBXFileReference; lastKnownFileType = sourcecode.swift; path = pieChart.swift; sourceTree = "<group>"; };
		1F6290E724A96D7B008C57A4 /* chooseMonth.swift */ = {isa = PBXFileReference; lastKnownFileType = sourcecode.swift; path = chooseMonth.swift; sourceTree = "<group>"; };
		1F6290E924A9AAF0008C57A4 /* chooseYear.swift */ = {isa = PBXFileReference; lastKnownFileType = sourcecode.swift; path = chooseYear.swift; sourceTree = "<group>"; };
		1F6290EB24AA5C20008C57A4 /* taskSummary.swift */ = {isa = PBXFileReference; lastKnownFileType = sourcecode.swift; path = taskSummary.swift; sourceTree = "<group>"; };
		1F6290ED24AA5C2D008C57A4 /* categorySummary.swift */ = {isa = PBXFileReference; lastKnownFileType = sourcecode.swift; path = categorySummary.swift; sourceTree = "<group>"; };
		1F7BF80E249862E5001D7021 /* CategoryList.swift */ = {isa = PBXFileReference; lastKnownFileType = sourcecode.swift; path = CategoryList.swift; sourceTree = "<group>"; };
		1F7BF8102498648B001D7021 /* CategoryDetail.swift */ = {isa = PBXFileReference; lastKnownFileType = sourcecode.swift; path = CategoryDetail.swift; sourceTree = "<group>"; };
		1F92B30824AD739A009107AB /* taskRecords.swift */ = {isa = PBXFileReference; lastKnownFileType = sourcecode.swift; path = taskRecords.swift; sourceTree = "<group>"; };
		1F92B30A24AE5B42009107AB /* selectHours.swift */ = {isa = PBXFileReference; lastKnownFileType = sourcecode.swift; path = selectHours.swift; sourceTree = "<group>"; };
		1F92B30C24AF8C63009107AB /* mainView.swift */ = {isa = PBXFileReference; lastKnownFileType = sourcecode.swift; path = mainView.swift; sourceTree = "<group>"; };
		1FAF1D2B24993EA5002B10AA /* CategoryColor.swift */ = {isa = PBXFileReference; lastKnownFileType = sourcecode.swift; path = CategoryColor.swift; sourceTree = "<group>"; };
		1FE107922455E240000934C2 /* taskRowIos.swift */ = {isa = PBXFileReference; lastKnownFileType = sourcecode.swift; path = taskRowIos.swift; sourceTree = "<group>"; };
		1FF8BA4024AA67050068C894 /* iconMaker.swift */ = {isa = PBXFileReference; lastKnownFileType = sourcecode.swift; path = iconMaker.swift; sourceTree = "<group>"; };
		1FF8BA4324AA72E20068C894 /* LaunchIcon.png */ = {isa = PBXFileReference; lastKnownFileType = image.png; path = LaunchIcon.png; sourceTree = "<group>"; };
		1FF8BA4524AA851E0068C894 /* circle-cropped.png */ = {isa = PBXFileReference; lastKnownFileType = image.png; path = "circle-cropped.png"; sourceTree = "<group>"; };
		1FF8BA5024ABAFB80068C894 /* chooseTimeInterval.swift */ = {isa = PBXFileReference; lastKnownFileType = sourcecode.swift; path = chooseTimeInterval.swift; sourceTree = "<group>"; };
		1FF9BCB82497086A002C19B6 /* ContentView.swift */ = {isa = PBXFileReference; fileEncoding = 4; lastKnownFileType = sourcecode.swift; path = ContentView.swift; sourceTree = "<group>"; };
		1FFFE3E524ACDDAF00D67065 /* selectFromCategory.swift */ = {isa = PBXFileReference; lastKnownFileType = sourcecode.swift; path = selectFromCategory.swift; sourceTree = "<group>"; };
		1FFFE3E724ACDFDB00D67065 /* selectFromColors.swift */ = {isa = PBXFileReference; lastKnownFileType = sourcecode.swift; path = selectFromColors.swift; sourceTree = "<group>"; };
		1FFFE3E924ACE11B00D67065 /* PickerTimeRange.swift */ = {isa = PBXFileReference; lastKnownFileType = sourcecode.swift; path = PickerTimeRange.swift; sourceTree = "<group>"; };
		1FFFE3EB24ACE1AC00D67065 /* summaryBody.swift */ = {isa = PBXFileReference; lastKnownFileType = sourcecode.swift; path = summaryBody.swift; sourceTree = "<group>"; };
/* End PBXFileReference section */

/* Begin PBXFrameworksBuildPhase section */
		1F1AABB3244E211A00134634 /* Frameworks */ = {
			isa = PBXFrameworksBuildPhase;
			buildActionMask = 2147483647;
			files = (
			);
			runOnlyForDeploymentPostprocessing = 0;
		};
		1F1AABC9244E211D00134634 /* Frameworks */ = {
			isa = PBXFrameworksBuildPhase;
			buildActionMask = 2147483647;
			files = (
			);
			runOnlyForDeploymentPostprocessing = 0;
		};
		1F1AABD4244E211D00134634 /* Frameworks */ = {
			isa = PBXFrameworksBuildPhase;
			buildActionMask = 2147483647;
			files = (
			);
			runOnlyForDeploymentPostprocessing = 0;
		};
/* End PBXFrameworksBuildPhase section */

/* Begin PBXGroup section */
		1F15EBD624562F10006E283D /* iOSHelperViews */ = {
			isa = PBXGroup;
			children = (
				1F544A05249F3F630096EA60 /* taskRowiOS2.swift */,
				1F15EBD9245654D6006E283D /* taskSummaryiOS.swift */,
				1F15EBD724564A94006E283D /* addTaskiOS.swift */,
				1FFFE3E524ACDDAF00D67065 /* selectFromCategory.swift */,
				1F15EBDD24566424006E283D /* SettingsiOS.swift */,
				1F7BF80E249862E5001D7021 /* CategoryList.swift */,
				1F250E9F249F099C005674E2 /* addCategoryiOS.swift */,
				1FFFE3E724ACDFDB00D67065 /* selectFromColors.swift */,
				1F7BF8102498648B001D7021 /* CategoryDetail.swift */,
				1F544A1224A456880096EA60 /* Archives */,
				1F544A1124A44E030096EA60 /* Summary */,
			);
			path = iOSHelperViews;
			sourceTree = "<group>";
		};
		1F1AABAD244E211A00134634 = {
			isa = PBXGroup;
			children = (
				1F15EBD624562F10006E283D /* iOSHelperViews */,
				1F1AAC1A244E233200134634 /* Models */,
				1F1AAC1B244E233900134634 /* WatchHelperViews */,
				1F1AABB8244E211A00134634 /* TimeManager */,
				1F1AABCF244E211D00134634 /* TimeManagerTests */,
				1F1AABDA244E211D00134634 /* TimeManagerUITests */,
				1F1AABE4244E211D00134634 /* TimeManager WatchKit App */,
				1F1AABF3244E211E00134634 /* TimeManager WatchKit Extension */,
				1F1AABB7244E211A00134634 /* Products */,
			);
			sourceTree = "<group>";
		};
		1F1AABB7244E211A00134634 /* Products */ = {
			isa = PBXGroup;
			children = (
				1F1AABB6244E211A00134634 /* Time Tally.app */,
				1F1AABCC244E211D00134634 /* TimeManagerTests.xctest */,
				1F1AABD7244E211D00134634 /* TimeManagerUITests.xctest */,
			);
			name = Products;
			sourceTree = "<group>";
		};
		1F1AABB8244E211A00134634 /* TimeManager */ = {
			isa = PBXGroup;
			children = (
				1F1AABB9244E211A00134634 /* AppDelegate.swift */,
				1F1AABBB244E211A00134634 /* SceneDelegate.swift */,
				1FF9BCB82497086A002C19B6 /* ContentView.swift */,
				1F92B30C24AF8C63009107AB /* mainView.swift */,
				1F1AABBF244E211C00134634 /* Assets.xcassets */,
				1FF8BA4224AA72AB0068C894 /* Resources */,
				1F1AABC4244E211C00134634 /* LaunchScreen.storyboard */,
				1F1AABC7244E211C00134634 /* Info.plist */,
				1F1AABC1244E211C00134634 /* Preview Content */,
			);
			path = TimeManager;
			sourceTree = "<group>";
		};
		1F1AABC1244E211C00134634 /* Preview Content */ = {
			isa = PBXGroup;
			children = (
				1F1AABC2244E211C00134634 /* Preview Assets.xcassets */,
			);
			path = "Preview Content";
			sourceTree = "<group>";
		};
		1F1AABCF244E211D00134634 /* TimeManagerTests */ = {
			isa = PBXGroup;
			children = (
				1F1AABD0244E211D00134634 /* TimeManagerTests.swift */,
				1F1AABD2244E211D00134634 /* Info.plist */,
			);
			path = TimeManagerTests;
			sourceTree = "<group>";
		};
		1F1AABDA244E211D00134634 /* TimeManagerUITests */ = {
			isa = PBXGroup;
			children = (
				1F1AABDB244E211D00134634 /* TimeManagerUITests.swift */,
				1F1AABDD244E211D00134634 /* Info.plist */,
			);
			path = TimeManagerUITests;
			sourceTree = "<group>";
		};
		1F1AABE4244E211D00134634 /* TimeManager WatchKit App */ = {
			isa = PBXGroup;
			children = (
				1F1AABE5244E211D00134634 /* Interface.storyboard */,
				1F1AABE8244E211E00134634 /* Assets.xcassets */,
				1F1AABEA244E211E00134634 /* Info.plist */,
			);
			path = "TimeManager WatchKit App";
			sourceTree = "<group>";
		};
		1F1AABF3244E211E00134634 /* TimeManager WatchKit Extension */ = {
			isa = PBXGroup;
			children = (
				1F1AABF4244E211E00134634 /* ContentView.swift */,
				1F1AABF6244E211E00134634 /* HostingController.swift */,
				1F1AABF8244E211E00134634 /* ExtensionDelegate.swift */,
				1F1AABFA244E211E00134634 /* NotificationController.swift */,
				1F1AABFC244E211E00134634 /* NotificationView.swift */,
				1F1AABFE244E211E00134634 /* ComplicationController.swift */,
				1F1AAC00244E211E00134634 /* Assets.xcassets */,
				1F1AAC05244E211E00134634 /* Info.plist */,
				1F1AAC06244E211E00134634 /* PushNotificationPayload.apns */,
				1F1AAC02244E211E00134634 /* Preview Content */,
			);
			path = "TimeManager WatchKit Extension";
			sourceTree = "<group>";
		};
		1F1AAC02244E211E00134634 /* Preview Content */ = {
			isa = PBXGroup;
			children = (
				1F1AAC03244E211E00134634 /* Preview Assets.xcassets */,
			);
			path = "Preview Content";
			sourceTree = "<group>";
		};
		1F1AAC1A244E233200134634 /* Models */ = {
			isa = PBXGroup;
			children = (
				1F544A0B24A2C0C20096EA60 /* SummaryManager.swift */,
				1F1AAC26244E289100134634 /* models.swift */,
				1F544A5924A68AD40096EA60 /* DataManager.swift */,
			);
			path = Models;
			sourceTree = "<group>";
		};
		1F1AAC1B244E233900134634 /* WatchHelperViews */ = {
			isa = PBXGroup;
			children = (
				1F1AAC1E244E288900134634 /* addTask.swift */,
				1F1AAC34244EA5D400134634 /* TaskOptions.swift */,
				1F1AAC36244EA8C100134634 /* TaskSummary.swift */,
				1F1AAC38244EA8DD00134634 /* TaskEdit.swift */,
				1F1AAC1C244E288900134634 /* categoryEditView.swift */,
				1F1AAC1D244E288900134634 /* deleteTasks.swift */,
				1F1AAC30244E2A8900134634 /* addCategory.swift */,
				1F1AAC20244E288900134634 /* Settings.swift */,
				1F1AAC1F244E288900134634 /* taskRow.swift */,
			);
			path = WatchHelperViews;
			sourceTree = "<group>";
		};
		1F544A1124A44E030096EA60 /* Summary */ = {
			isa = PBXGroup;
			children = (
				1F92B30824AD739A009107AB /* taskRecords.swift */,
				1F92B30A24AE5B42009107AB /* selectHours.swift */,
				1F51D56224A8207E000D118D /* SummaryiOS2.swift */,
				1FFFE3EB24ACE1AC00D67065 /* summaryBody.swift */,
				1FFFE3E924ACE11B00D67065 /* PickerTimeRange.swift */,
				1F6290EB24AA5C20008C57A4 /* taskSummary.swift */,
				1F6290ED24AA5C2D008C57A4 /* categorySummary.swift */,
				1F544A5B24A70AD40096EA60 /* pieChart.swift */,
				1F51D56524A842CC000D118D /* selectRange.swift */,
				1F51D56724A86FE9000D118D /* chooseDate.swift */,
				1F6290E724A96D7B008C57A4 /* chooseMonth.swift */,
				1FF8BA5024ABAFB80068C894 /* chooseTimeInterval.swift */,
			);
			path = Summary;
			sourceTree = "<group>";
		};
		1F544A1224A456880096EA60 /* Archives */ = {
			isa = PBXGroup;
			children = (
				1F6290E924A9AAF0008C57A4 /* chooseYear.swift */,
				1F544A07249FE7A80096EA60 /* SummaryiOS.swift */,
				1FF8BA4024AA67050068C894 /* iconMaker.swift */,
				1F15EBDB24565518006E283D /* taskOptionsiOS.swift */,
				1F250E9D249EDD5A005674E2 /* TaskList.swift */,
				1FE107922455E240000934C2 /* taskRowIos.swift */,
				1F15EBDF2456674F006E283D /* taskEditiOS.swift */,
				1FAF1D2B24993EA5002B10AA /* CategoryColor.swift */,
			);
			path = Archives;
			sourceTree = "<group>";
		};
		1FF8BA4224AA72AB0068C894 /* Resources */ = {
			isa = PBXGroup;
			children = (
				1FF8BA4524AA851E0068C894 /* circle-cropped.png */,
				1FF8BA4324AA72E20068C894 /* LaunchIcon.png */,
			);
			path = Resources;
			sourceTree = "<group>";
		};
/* End PBXGroup section */

/* Begin PBXNativeTarget section */
		1F1AABB5244E211A00134634 /* TimeManager */ = {
			isa = PBXNativeTarget;
			buildConfigurationList = 1F1AAC11244E211E00134634 /* Build configuration list for PBXNativeTarget "TimeManager" */;
			buildPhases = (
				1F1AABB2244E211A00134634 /* Sources */,
				1F1AABB3244E211A00134634 /* Frameworks */,
				1F1AABB4244E211A00134634 /* Resources */,
				1F1AAC10244E211E00134634 /* Embed Watch Content */,
			);
			buildRules = (
			);
			dependencies = (
			);
			name = TimeManager;
			packageProductDependencies = (
			);
			productName = TimeManager;
			productReference = 1F1AABB6244E211A00134634 /* Time Tally.app */;
			productType = "com.apple.product-type.application";
		};
		1F1AABCB244E211D00134634 /* TimeManagerTests */ = {
			isa = PBXNativeTarget;
			buildConfigurationList = 1F1AAC14244E211E00134634 /* Build configuration list for PBXNativeTarget "TimeManagerTests" */;
			buildPhases = (
				1F1AABC8244E211D00134634 /* Sources */,
				1F1AABC9244E211D00134634 /* Frameworks */,
				1F1AABCA244E211D00134634 /* Resources */,
			);
			buildRules = (
			);
			dependencies = (
				1F1AABCE244E211D00134634 /* PBXTargetDependency */,
			);
			name = TimeManagerTests;
			productName = TimeManagerTests;
			productReference = 1F1AABCC244E211D00134634 /* TimeManagerTests.xctest */;
			productType = "com.apple.product-type.bundle.unit-test";
		};
		1F1AABD6244E211D00134634 /* TimeManagerUITests */ = {
			isa = PBXNativeTarget;
			buildConfigurationList = 1F1AAC17244E211E00134634 /* Build configuration list for PBXNativeTarget "TimeManagerUITests" */;
			buildPhases = (
				1F1AABD3244E211D00134634 /* Sources */,
				1F1AABD4244E211D00134634 /* Frameworks */,
				1F1AABD5244E211D00134634 /* Resources */,
			);
			buildRules = (
			);
			dependencies = (
				1F1AABD9244E211D00134634 /* PBXTargetDependency */,
			);
			name = TimeManagerUITests;
			productName = TimeManagerUITests;
			productReference = 1F1AABD7244E211D00134634 /* TimeManagerUITests.xctest */;
			productType = "com.apple.product-type.bundle.ui-testing";
		};
/* End PBXNativeTarget section */

/* Begin PBXProject section */
		1F1AABAE244E211A00134634 /* Project object */ = {
			isa = PBXProject;
			attributes = {
				LastSwiftUpdateCheck = 1140;
				LastUpgradeCheck = 1140;
				ORGANIZATIONNAME = SreeGaneshji;
				TargetAttributes = {
					1F1AABB5244E211A00134634 = {
						CreatedOnToolsVersion = 11.4.1;
					};
					1F1AABCB244E211D00134634 = {
						CreatedOnToolsVersion = 11.4.1;
						TestTargetID = 1F1AABB5244E211A00134634;
					};
					1F1AABD6244E211D00134634 = {
						CreatedOnToolsVersion = 11.4.1;
						TestTargetID = 1F1AABB5244E211A00134634;
					};
				};
			};
			buildConfigurationList = 1F1AABB1244E211A00134634 /* Build configuration list for PBXProject "TimeManager" */;
			compatibilityVersion = "Xcode 9.3";
			developmentRegion = en;
			hasScannedForEncodings = 0;
			knownRegions = (
				en,
				Base,
			);
			mainGroup = 1F1AABAD244E211A00134634;
			packageReferences = (
			);
			productRefGroup = 1F1AABB7244E211A00134634 /* Products */;
			projectDirPath = "";
			projectRoot = "";
			targets = (
				1F1AABB5244E211A00134634 /* TimeManager */,
				1F1AABCB244E211D00134634 /* TimeManagerTests */,
				1F1AABD6244E211D00134634 /* TimeManagerUITests */,
			);
		};
/* End PBXProject section */

/* Begin PBXResourcesBuildPhase section */
		1F1AABB4244E211A00134634 /* Resources */ = {
			isa = PBXResourcesBuildPhase;
			buildActionMask = 2147483647;
			files = (
				1FF8BA4424AA72E20068C894 /* LaunchIcon.png in Resources */,
				1F1AABC6244E211C00134634 /* LaunchScreen.storyboard in Resources */,
				1F1AABC3244E211C00134634 /* Preview Assets.xcassets in Resources */,
				1FF8BA4624AA851F0068C894 /* circle-cropped.png in Resources */,
				1F1AABC0244E211C00134634 /* Assets.xcassets in Resources */,
			);
			runOnlyForDeploymentPostprocessing = 0;
		};
		1F1AABCA244E211D00134634 /* Resources */ = {
			isa = PBXResourcesBuildPhase;
			buildActionMask = 2147483647;
			files = (
			);
			runOnlyForDeploymentPostprocessing = 0;
		};
		1F1AABD5244E211D00134634 /* Resources */ = {
			isa = PBXResourcesBuildPhase;
			buildActionMask = 2147483647;
			files = (
			);
			runOnlyForDeploymentPostprocessing = 0;
		};
/* End PBXResourcesBuildPhase section */

/* Begin PBXSourcesBuildPhase section */
		1F1AABB2244E211A00134634 /* Sources */ = {
			isa = PBXSourcesBuildPhase;
			buildActionMask = 2147483647;
			files = (
				1F544A5A24A68AD40096EA60 /* DataManager.swift in Sources */,
				1F15EBD824564A94006E283D /* addTaskiOS.swift in Sources */,
				1FFFE3EA24ACE11B00D67065 /* PickerTimeRange.swift in Sources */,
				1F544A5C24A70AD50096EA60 /* pieChart.swift in Sources */,
				1FF8BA4124AA67050068C894 /* iconMaker.swift in Sources */,
				1F1AAC23244E288900134634 /* addTask.swift in Sources */,
				1FFFE3E624ACDDAF00D67065 /* selectFromCategory.swift in Sources */,
				1F1AAC31244E2A8900134634 /* addCategory.swift in Sources */,
				1F7BF8112498648B001D7021 /* CategoryDetail.swift in Sources */,
				1F1AAC27244E289100134634 /* models.swift in Sources */,
				1F92B30B24AE5B42009107AB /* selectHours.swift in Sources */,
				1FFFE3EC24ACE1AC00D67065 /* summaryBody.swift in Sources */,
				1F1AAC21244E288900134634 /* categoryEditView.swift in Sources */,
				1F1AAC39244EA8DD00134634 /* TaskEdit.swift in Sources */,
				1F92B30924AD739A009107AB /* taskRecords.swift in Sources */,
				1F6290EC24AA5C20008C57A4 /* taskSummary.swift in Sources */,
				1F544A0C24A2C0C20096EA60 /* SummaryManager.swift in Sources */,
				1FF9BCB92497086A002C19B6 /* ContentView.swift in Sources */,
				1F6290EE24AA5C2D008C57A4 /* categorySummary.swift in Sources */,
				1F7BF80F249862E5001D7021 /* CategoryList.swift in Sources */,
				1F51D56824A86FE9000D118D /* chooseDate.swift in Sources */,
				1F1AAC25244E288900134634 /* Settings.swift in Sources */,
				1FF8BA5124ABAFB80068C894 /* chooseTimeInterval.swift in Sources */,
				1F92B30D24AF8C63009107AB /* mainView.swift in Sources */,
				1F51D56324A8207E000D118D /* SummaryiOS2.swift in Sources */,
				1F6290E824A96D7B008C57A4 /* chooseMonth.swift in Sources */,
				1F1AAC35244EA5D400134634 /* TaskOptions.swift in Sources */,
				1F1AABBA244E211A00134634 /* AppDelegate.swift in Sources */,
				1F544A06249F3F630096EA60 /* taskRowiOS2.swift in Sources */,
				1F1AABBC244E211A00134634 /* SceneDelegate.swift in Sources */,
				1F1AAC24244E288900134634 /* taskRow.swift in Sources */,
				1F15EBDA245654D6006E283D /* taskSummaryiOS.swift in Sources */,
				1F15EBDE24566424006E283D /* SettingsiOS.swift in Sources */,
				1F1AAC22244E288900134634 /* deleteTasks.swift in Sources */,
				1F3056402450F5FA00C412A8 /* TaskSummary.swift in Sources */,
				1FFFE3E824ACDFDB00D67065 /* selectFromColors.swift in Sources */,
				1F51D56624A842CC000D118D /* selectRange.swift in Sources */,
				1F250EA0249F099C005674E2 /* addCategoryiOS.swift in Sources */,
			);
			runOnlyForDeploymentPostprocessing = 0;
		};
		1F1AABC8244E211D00134634 /* Sources */ = {
			isa = PBXSourcesBuildPhase;
			buildActionMask = 2147483647;
			files = (
				1F1AABD1244E211D00134634 /* TimeManagerTests.swift in Sources */,
			);
			runOnlyForDeploymentPostprocessing = 0;
		};
		1F1AABD3244E211D00134634 /* Sources */ = {
			isa = PBXSourcesBuildPhase;
			buildActionMask = 2147483647;
			files = (
				1F1AABDC244E211D00134634 /* TimeManagerUITests.swift in Sources */,
			);
			runOnlyForDeploymentPostprocessing = 0;
		};
/* End PBXSourcesBuildPhase section */

/* Begin PBXTargetDependency section */
		1F1AABCE244E211D00134634 /* PBXTargetDependency */ = {
			isa = PBXTargetDependency;
			target = 1F1AABB5244E211A00134634 /* TimeManager */;
			targetProxy = 1F1AABCD244E211D00134634 /* PBXContainerItemProxy */;
		};
		1F1AABD9244E211D00134634 /* PBXTargetDependency */ = {
			isa = PBXTargetDependency;
			target = 1F1AABB5244E211A00134634 /* TimeManager */;
			targetProxy = 1F1AABD8244E211D00134634 /* PBXContainerItemProxy */;
		};
/* End PBXTargetDependency section */

/* Begin PBXVariantGroup section */
		1F1AABC4244E211C00134634 /* LaunchScreen.storyboard */ = {
			isa = PBXVariantGroup;
			children = (
				1F1AABC5244E211C00134634 /* Base */,
			);
			name = LaunchScreen.storyboard;
			sourceTree = "<group>";
		};
		1F1AABE5244E211D00134634 /* Interface.storyboard */ = {
			isa = PBXVariantGroup;
			children = (
				1F1AABE6244E211D00134634 /* Base */,
			);
			name = Interface.storyboard;
			sourceTree = "<group>";
		};
/* End PBXVariantGroup section */

/* Begin XCBuildConfiguration section */
		1F1AAC07244E211E00134634 /* Debug */ = {
			isa = XCBuildConfiguration;
			buildSettings = {
				ALWAYS_SEARCH_USER_PATHS = NO;
				CLANG_ANALYZER_NONNULL = YES;
				CLANG_ANALYZER_NUMBER_OBJECT_CONVERSION = YES_AGGRESSIVE;
				CLANG_CXX_LANGUAGE_STANDARD = "gnu++14";
				CLANG_CXX_LIBRARY = "libc++";
				CLANG_ENABLE_MODULES = YES;
				CLANG_ENABLE_OBJC_ARC = YES;
				CLANG_ENABLE_OBJC_WEAK = YES;
				CLANG_WARN_BLOCK_CAPTURE_AUTORELEASING = YES;
				CLANG_WARN_BOOL_CONVERSION = YES;
				CLANG_WARN_COMMA = YES;
				CLANG_WARN_CONSTANT_CONVERSION = YES;
				CLANG_WARN_DEPRECATED_OBJC_IMPLEMENTATIONS = YES;
				CLANG_WARN_DIRECT_OBJC_ISA_USAGE = YES_ERROR;
				CLANG_WARN_DOCUMENTATION_COMMENTS = YES;
				CLANG_WARN_EMPTY_BODY = YES;
				CLANG_WARN_ENUM_CONVERSION = YES;
				CLANG_WARN_INFINITE_RECURSION = YES;
				CLANG_WARN_INT_CONVERSION = YES;
				CLANG_WARN_NON_LITERAL_NULL_CONVERSION = YES;
				CLANG_WARN_OBJC_IMPLICIT_RETAIN_SELF = YES;
				CLANG_WARN_OBJC_LITERAL_CONVERSION = YES;
				CLANG_WARN_OBJC_ROOT_CLASS = YES_ERROR;
				CLANG_WARN_RANGE_LOOP_ANALYSIS = YES;
				CLANG_WARN_STRICT_PROTOTYPES = YES;
				CLANG_WARN_SUSPICIOUS_MOVE = YES;
				CLANG_WARN_UNGUARDED_AVAILABILITY = YES_AGGRESSIVE;
				CLANG_WARN_UNREACHABLE_CODE = YES;
				CLANG_WARN__DUPLICATE_METHOD_MATCH = YES;
				COPY_PHASE_STRIP = NO;
				DEBUG_INFORMATION_FORMAT = dwarf;
				ENABLE_STRICT_OBJC_MSGSEND = YES;
				ENABLE_TESTABILITY = YES;
				GCC_C_LANGUAGE_STANDARD = gnu11;
				GCC_DYNAMIC_NO_PIC = NO;
				GCC_NO_COMMON_BLOCKS = YES;
				GCC_OPTIMIZATION_LEVEL = 0;
				GCC_PREPROCESSOR_DEFINITIONS = (
					"DEBUG=1",
					"$(inherited)",
				);
				GCC_WARN_64_TO_32_BIT_CONVERSION = YES;
				GCC_WARN_ABOUT_RETURN_TYPE = YES_ERROR;
				GCC_WARN_UNDECLARED_SELECTOR = YES;
				GCC_WARN_UNINITIALIZED_AUTOS = YES_AGGRESSIVE;
				GCC_WARN_UNUSED_FUNCTION = YES;
				GCC_WARN_UNUSED_VARIABLE = YES;
				IPHONEOS_DEPLOYMENT_TARGET = 13.4;
				MTL_ENABLE_DEBUG_INFO = INCLUDE_SOURCE;
				MTL_FAST_MATH = YES;
				ONLY_ACTIVE_ARCH = YES;
				SDKROOT = iphoneos;
				SWIFT_ACTIVE_COMPILATION_CONDITIONS = DEBUG;
				SWIFT_OPTIMIZATION_LEVEL = "-Onone";
			};
			name = Debug;
		};
		1F1AAC08244E211E00134634 /* Release */ = {
			isa = XCBuildConfiguration;
			buildSettings = {
				ALWAYS_SEARCH_USER_PATHS = NO;
				CLANG_ANALYZER_NONNULL = YES;
				CLANG_ANALYZER_NUMBER_OBJECT_CONVERSION = YES_AGGRESSIVE;
				CLANG_CXX_LANGUAGE_STANDARD = "gnu++14";
				CLANG_CXX_LIBRARY = "libc++";
				CLANG_ENABLE_MODULES = YES;
				CLANG_ENABLE_OBJC_ARC = YES;
				CLANG_ENABLE_OBJC_WEAK = YES;
				CLANG_WARN_BLOCK_CAPTURE_AUTORELEASING = YES;
				CLANG_WARN_BOOL_CONVERSION = YES;
				CLANG_WARN_COMMA = YES;
				CLANG_WARN_CONSTANT_CONVERSION = YES;
				CLANG_WARN_DEPRECATED_OBJC_IMPLEMENTATIONS = YES;
				CLANG_WARN_DIRECT_OBJC_ISA_USAGE = YES_ERROR;
				CLANG_WARN_DOCUMENTATION_COMMENTS = YES;
				CLANG_WARN_EMPTY_BODY = YES;
				CLANG_WARN_ENUM_CONVERSION = YES;
				CLANG_WARN_INFINITE_RECURSION = YES;
				CLANG_WARN_INT_CONVERSION = YES;
				CLANG_WARN_NON_LITERAL_NULL_CONVERSION = YES;
				CLANG_WARN_OBJC_IMPLICIT_RETAIN_SELF = YES;
				CLANG_WARN_OBJC_LITERAL_CONVERSION = YES;
				CLANG_WARN_OBJC_ROOT_CLASS = YES_ERROR;
				CLANG_WARN_RANGE_LOOP_ANALYSIS = YES;
				CLANG_WARN_STRICT_PROTOTYPES = YES;
				CLANG_WARN_SUSPICIOUS_MOVE = YES;
				CLANG_WARN_UNGUARDED_AVAILABILITY = YES_AGGRESSIVE;
				CLANG_WARN_UNREACHABLE_CODE = YES;
				CLANG_WARN__DUPLICATE_METHOD_MATCH = YES;
				COPY_PHASE_STRIP = NO;
				DEBUG_INFORMATION_FORMAT = "dwarf-with-dsym";
				ENABLE_NS_ASSERTIONS = NO;
				ENABLE_STRICT_OBJC_MSGSEND = YES;
				GCC_C_LANGUAGE_STANDARD = gnu11;
				GCC_NO_COMMON_BLOCKS = YES;
				GCC_WARN_64_TO_32_BIT_CONVERSION = YES;
				GCC_WARN_ABOUT_RETURN_TYPE = YES_ERROR;
				GCC_WARN_UNDECLARED_SELECTOR = YES;
				GCC_WARN_UNINITIALIZED_AUTOS = YES_AGGRESSIVE;
				GCC_WARN_UNUSED_FUNCTION = YES;
				GCC_WARN_UNUSED_VARIABLE = YES;
				IPHONEOS_DEPLOYMENT_TARGET = 13.4;
				MTL_ENABLE_DEBUG_INFO = NO;
				MTL_FAST_MATH = YES;
				SDKROOT = iphoneos;
				SWIFT_COMPILATION_MODE = wholemodule;
				SWIFT_OPTIMIZATION_LEVEL = "-O";
				VALIDATE_PRODUCT = YES;
			};
			name = Release;
		};
		1F1AAC12244E211E00134634 /* Debug */ = {
			isa = XCBuildConfiguration;
			buildSettings = {
				ASSETCATALOG_COMPILER_APPICON_NAME = AppIcon;
				CODE_SIGN_STYLE = Automatic;
				CURRENT_PROJECT_VERSION = 2.2;
				DEVELOPMENT_ASSET_PATHS = "\"TimeManager/Preview Content\"";
				DEVELOPMENT_TEAM = C5978J5948;
				ENABLE_PREVIEWS = YES;
				INFOPLIST_FILE = TimeManager/Info.plist;
				LD_RUNPATH_SEARCH_PATHS = (
					"$(inherited)",
					"@executable_path/Frameworks",
				);
				MARKETING_VERSION = 1;
				PRODUCT_BUNDLE_IDENTIFIER = someComp.TimeTally;
				PRODUCT_NAME = "Time Tally";
				SWIFT_VERSION = 5.0;
				TARGETED_DEVICE_FAMILY = 1;
			};
			name = Debug;
		};
		1F1AAC13244E211E00134634 /* Release */ = {
			isa = XCBuildConfiguration;
			buildSettings = {
				ASSETCATALOG_COMPILER_APPICON_NAME = AppIcon;
				CODE_SIGN_STYLE = Automatic;
				CURRENT_PROJECT_VERSION = 2.2;
				DEVELOPMENT_ASSET_PATHS = "\"TimeManager/Preview Content\"";
				DEVELOPMENT_TEAM = C5978J5948;
				ENABLE_PREVIEWS = YES;
				INFOPLIST_FILE = TimeManager/Info.plist;
				LD_RUNPATH_SEARCH_PATHS = (
					"$(inherited)",
					"@executable_path/Frameworks",
				);
				MARKETING_VERSION = 1;
				PRODUCT_BUNDLE_IDENTIFIER = someComp.TimeTally;
				PRODUCT_NAME = "Time Tally";
				SWIFT_VERSION = 5.0;
				TARGETED_DEVICE_FAMILY = 1;
			};
			name = Release;
		};
		1F1AAC15244E211E00134634 /* Debug */ = {
			isa = XCBuildConfiguration;
			buildSettings = {
				ALWAYS_EMBED_SWIFT_STANDARD_LIBRARIES = YES;
				BUNDLE_LOADER = "$(TEST_HOST)";
				CODE_SIGN_STYLE = Automatic;
				DEVELOPMENT_TEAM = C5978J5948;
				INFOPLIST_FILE = TimeManagerTests/Info.plist;
				IPHONEOS_DEPLOYMENT_TARGET = 13.4;
				LD_RUNPATH_SEARCH_PATHS = (
					"$(inherited)",
					"@executable_path/Frameworks",
					"@loader_path/Frameworks",
				);
				PRODUCT_BUNDLE_IDENTIFIER = someComp.TimeManagerTests;
				PRODUCT_NAME = "$(TARGET_NAME)";
				SWIFT_VERSION = 5.0;
				TARGETED_DEVICE_FAMILY = "1,2";
				TEST_HOST = "$(BUILT_PRODUCTS_DIR)/TimeManager.app/TimeManager";
			};
			name = Debug;
		};
		1F1AAC16244E211E00134634 /* Release */ = {
			isa = XCBuildConfiguration;
			buildSettings = {
				ALWAYS_EMBED_SWIFT_STANDARD_LIBRARIES = YES;
				BUNDLE_LOADER = "$(TEST_HOST)";
				CODE_SIGN_STYLE = Automatic;
				DEVELOPMENT_TEAM = C5978J5948;
				INFOPLIST_FILE = TimeManagerTests/Info.plist;
				IPHONEOS_DEPLOYMENT_TARGET = 13.4;
				LD_RUNPATH_SEARCH_PATHS = (
					"$(inherited)",
					"@executable_path/Frameworks",
					"@loader_path/Frameworks",
				);
				PRODUCT_BUNDLE_IDENTIFIER = someComp.TimeManagerTests;
				PRODUCT_NAME = "$(TARGET_NAME)";
				SWIFT_VERSION = 5.0;
				TARGETED_DEVICE_FAMILY = "1,2";
				TEST_HOST = "$(BUILT_PRODUCTS_DIR)/TimeManager.app/TimeManager";
			};
			name = Release;
		};
		1F1AAC18244E211E00134634 /* Debug */ = {
			isa = XCBuildConfiguration;
			buildSettings = {
				ALWAYS_EMBED_SWIFT_STANDARD_LIBRARIES = YES;
				CODE_SIGN_STYLE = Automatic;
				DEVELOPMENT_TEAM = C5978J5948;
				INFOPLIST_FILE = TimeManagerUITests/Info.plist;
				LD_RUNPATH_SEARCH_PATHS = (
					"$(inherited)",
					"@executable_path/Frameworks",
					"@loader_path/Frameworks",
				);
				PRODUCT_BUNDLE_IDENTIFIER = someComp.TimeManagerUITests;
				PRODUCT_NAME = "$(TARGET_NAME)";
				SWIFT_VERSION = 5.0;
				TARGETED_DEVICE_FAMILY = "1,2";
				TEST_TARGET_NAME = TimeManager;
			};
			name = Debug;
		};
		1F1AAC19244E211E00134634 /* Release */ = {
			isa = XCBuildConfiguration;
			buildSettings = {
				ALWAYS_EMBED_SWIFT_STANDARD_LIBRARIES = YES;
				CODE_SIGN_STYLE = Automatic;
				DEVELOPMENT_TEAM = C5978J5948;
				INFOPLIST_FILE = TimeManagerUITests/Info.plist;
				LD_RUNPATH_SEARCH_PATHS = (
					"$(inherited)",
					"@executable_path/Frameworks",
					"@loader_path/Frameworks",
				);
				PRODUCT_BUNDLE_IDENTIFIER = someComp.TimeManagerUITests;
				PRODUCT_NAME = "$(TARGET_NAME)";
				SWIFT_VERSION = 5.0;
				TARGETED_DEVICE_FAMILY = "1,2";
				TEST_TARGET_NAME = TimeManager;
			};
			name = Release;
		};
/* End XCBuildConfiguration section */

/* Begin XCConfigurationList section */
		1F1AABB1244E211A00134634 /* Build configuration list for PBXProject "TimeManager" */ = {
			isa = XCConfigurationList;
			buildConfigurations = (
				1F1AAC07244E211E00134634 /* Debug */,
				1F1AAC08244E211E00134634 /* Release */,
			);
			defaultConfigurationIsVisible = 0;
			defaultConfigurationName = Release;
		};
		1F1AAC11244E211E00134634 /* Build configuration list for PBXNativeTarget "TimeManager" */ = {
			isa = XCConfigurationList;
			buildConfigurations = (
				1F1AAC12244E211E00134634 /* Debug */,
				1F1AAC13244E211E00134634 /* Release */,
			);
			defaultConfigurationIsVisible = 0;
			defaultConfigurationName = Release;
		};
		1F1AAC14244E211E00134634 /* Build configuration list for PBXNativeTarget "TimeManagerTests" */ = {
			isa = XCConfigurationList;
			buildConfigurations = (
				1F1AAC15244E211E00134634 /* Debug */,
				1F1AAC16244E211E00134634 /* Release */,
			);
			defaultConfigurationIsVisible = 0;
			defaultConfigurationName = Release;
		};
		1F1AAC17244E211E00134634 /* Build configuration list for PBXNativeTarget "TimeManagerUITests" */ = {
			isa = XCConfigurationList;
			buildConfigurations = (
				1F1AAC18244E211E00134634 /* Debug */,
				1F1AAC19244E211E00134634 /* Release */,
			);
			defaultConfigurationIsVisible = 0;
			defaultConfigurationName = Release;
		};
/* End XCConfigurationList section */
	};
	rootObject = 1F1AABAE244E211A00134634 /* Project object */;
}
